
Microsoft Visual Studio Solution File, Format Version 12.00
# Visual Studio Version 17
VisualStudioVersion = 17.9.34622.214
MinimumVisualStudioVersion = 10.0.40219.1
Project("{FAE04EC0-301F-11D3-BF4B-00C04F79EFBC}") = "MovieApp", "MovieApp\MovieApp.csproj", "{55A34F62-45E1-4953-B923-344F97B0CBD3}"
EndProject
Global
	GlobalSection(SolutionConfigurationPlatforms) = preSolution
		Debug|Any CPU = Debug|Any CPU
		Release|Any CPU = Release|Any CPU
	EndGlobalSection
	GlobalSection(ProjectConfigurationPlatforms) = postSolution
		{55A34F62-45E1-4953-B923-344F97B0CBD3}.Debug|Any CPU.ActiveCfg = Debug|Any CPU
		{55A34F62-45E1-4953-B923-344F97B0CBD3}.Debug|Any CPU.Build.0 = Debug|Any CPU
		{55A34F62-45E1-4953-B923-344F97B0CBD3}.Release|Any CPU.ActiveCfg = Release|Any CPU
		{55A34F62-45E1-4953-B923-344F97B0CBD3}.Release|Any CPU.Build.0 = Release|Any CPU
	EndGlobalSection
	GlobalSection(SolutionProperties) = preSolution
		HideSolutionNode = FALSE
	EndGlobalSection
	GlobalSection(ExtensibilityGlobals) = postSolution
		SolutionGuid = {3C895C11-3DC7-4519-829A-E2FB8F64BD84}
	EndGlobalSection
EndGlobal
