
Microsoft Visual Studio Solution File, Format Version 12.00
# Visual Studio Version 17
VisualStudioVersion = 17.9.34622.214
MinimumVisualStudioVersion = 10.0.40219.1
Project("{FAE04EC0-301F-11D3-BF4B-00C04F79EFBC}") = "GiaoDucPhoCap", "GiaoDucPhoCap\GiaoDucPhoCap.csproj", "{674D80DD-8A89-43CE-B704-79D08263760C}"
EndProject
Global
	GlobalSection(SolutionConfigurationPlatforms) = preSolution
		Debug|Any CPU = Debug|Any CPU
		Release|Any CPU = Release|Any CPU
	EndGlobalSection
	GlobalSection(ProjectConfigurationPlatforms) = postSolution
		{674D80DD-8A89-43CE-B704-79D08263760C}.Debug|Any CPU.ActiveCfg = Debug|Any CPU
		{674D80DD-8A89-43CE-B704-79D08263760C}.Debug|Any CPU.Build.0 = Debug|Any CPU
		{674D80DD-8A89-43CE-B704-79D08263760C}.Release|Any CPU.ActiveCfg = Release|Any CPU
		{674D80DD-8A89-43CE-B704-79D08263760C}.Release|Any CPU.Build.0 = Release|Any CPU
	EndGlobalSection
	GlobalSection(SolutionProperties) = preSolution
		HideSolutionNode = FALSE
	EndGlobalSection
	GlobalSection(ExtensibilityGlobals) = postSolution
		SolutionGuid = {AF62817D-D10D-4D19-8B6D-B1EEDBC74E33}
	EndGlobalSection
EndGlobal
