
Microsoft Visual Studio Solution File, Format Version 12.00
# Visual Studio Version 17
VisualStudioVersion = 17.9.34622.214
MinimumVisualStudioVersion = 10.0.40219.1
Project("{FAE04EC0-301F-11D3-BF4B-00C04F79EFBC}") = "TodoApi", "TodoApi\TodoApi.csproj", "{309EE937-3EF8-456D-BB47-41CB9D7F5598}"
EndProject
Global
	GlobalSection(SolutionConfigurationPlatforms) = preSolution
		Debug|Any CPU = Debug|Any CPU
		Release|Any CPU = Release|Any CPU
	EndGlobalSection
	GlobalSection(ProjectConfigurationPlatforms) = postSolution
		{309EE937-3EF8-456D-BB47-41CB9D7F5598}.Debug|Any CPU.ActiveCfg = Debug|Any CPU
		{309EE937-3EF8-456D-BB47-41CB9D7F5598}.Debug|Any CPU.Build.0 = Debug|Any CPU
		{309EE937-3EF8-456D-BB47-41CB9D7F5598}.Release|Any CPU.ActiveCfg = Release|Any CPU
		{309EE937-3EF8-456D-BB47-41CB9D7F5598}.Release|Any CPU.Build.0 = Release|Any CPU
	EndGlobalSection
	GlobalSection(SolutionProperties) = preSolution
		HideSolutionNode = FALSE
	EndGlobalSection
	GlobalSection(ExtensibilityGlobals) = postSolution
		SolutionGuid = {8A328FA8-4E73-484C-B820-B2F149C0C2DC}
	EndGlobalSection
EndGlobal
